{
  "name": "ackama-rails-template",
  "version": "1.0.0",
  "lockfileVersion": 3,
  "requires": true,
  "packages": {
    "": {
      "name": "ackama-rails-template",
      "version": "1.0.0",
      "devDependencies": {
        "prettier": "^3.0.0",
        "prettier-config-ackama": "^1.1.0"
      }
    },
    "node_modules/prettier": {
      "version": "3.2.5",
      "dev": true,
      "license": "MIT",
      "bin": {
        "prettier": "bin/prettier.cjs"
      },
      "engines": {
        "node": ">=14"
      },
      "funding": {
        "url": "https://github.com/prettier/prettier?sponsor=1"
      }
    },
    "node_modules/prettier-config-ackama": {
      "version": "1.1.0",
      "dev": true,
      "license": "ISC",
      "peerDependencies": {
        "prettier": ">= 2.0"
      }
    }
  }
}
