{
  "name": "ackama-rails-template",
  "version": "1.0.0",
  "lockfileVersion": 3,
  "requires": true,
  "packages": {
    "": {
      "name": "ackama-rails-template",
      "version": "1.0.0",
      "devDependencies": {
        "prettier": "^3.0.0",
        "prettier-config-ackama": "^1.1.0"
      }
    },
    "node_modules/prettier": {
      "version": "3.8.1",
      "resolved": "https://registry.npmjs.org/prettier/-/prettier-3.8.1.tgz",
      "integrity": "sha512-UOnG6LftzbdaHZcKoPFtOcCKztrQ57WkHDeRD9t/PTQtmT0NHSeWWepj6pS0z/N7+08BHFDQVUrfmfMRcZwbMg==",
      "dev": true,
      "license": "MIT",
      "bin": {
        "prettier": "bin/prettier.cjs"
      },
      "engines": {
        "node": ">=14"
      },
      "funding": {
        "url": "https://github.com/prettier/prettier?sponsor=1"
      }
    },
    "node_modules/prettier-config-ackama": {
      "version": "1.3.0",
      "resolved": "https://registry.npmjs.org/prettier-config-ackama/-/prettier-config-ackama-1.3.0.tgz",
      "integrity": "sha512-29agN68TfOExwZov8J676hhPuMU7O4+pRl/kAbC9DqK7W1TzQruqo1WR8FGZ5LDYf6PiGXi58IWj9nXEppXF1w==",
      "dev": true,
      "license": "ISC",
      "peerDependencies": {
        "prettier": ">= 2.0"
      }
    }
  }
}
