# THIS IS AN AUTOGENERATED FILE. DO NOT EDIT THIS FILE DIRECTLY.
# yarn lockfile v1


prettier-config-ackama@^1.1.0:
  version "1.1.0"
  resolved "https://registry.yarnpkg.com/prettier-config-ackama/-/prettier-config-ackama-1.1.0.tgz#c4012695b3354fd9eca5e42a873b17bf8ecc07b9"
  integrity sha512-Tpo5Y/77rA1vkIjztF/l/3AWWW665H+atYqZ5C5m0KLwXG7CP7+vXsmpWLiQXYP3pbBLTw7BWTS9t7ERiw0Ejw==

prettier@^3.0.0:
  version "3.2.5"
  resolved "https://registry.yarnpkg.com/prettier/-/prettier-3.2.5.tgz#e52bc3090586e824964a8813b09aba6233b28368"
  integrity sha512-3/GWa9aOC0YeD7LUfvOG2NiDyhOWRvt1k+rcKhOuYnMY24iiCphgneUfJDyFXd6rZCAnuLBv6UeAULtrhT/F4A==
